{
  "name": "DeleteMe Project",
  "lockfileVersion": 2,
  "requires": true,
  "packages": {
    "": {
      "dependencies": {
        "exercise-clean-folder-rodicaf": "^1.0.0"
      }
    },
    "node_modules/exercise-clean-folder-rodicaf": {
      "version": "1.0.0",
      "resolved": "https://registry.npmjs.org/exercise-clean-folder-rodicaf/-/exercise-clean-folder-rodicaf-1.0.0.tgz",
      "integrity": "sha512-6QTfT4Jy2wwkAk8OL8hlWN1A/NknSnbo7G/CbnIdpOQumurC09zGdFkV3uY9KLbdXZdHwcl/GM2/2sKhbHjBPg=="
    }
  },
  "dependencies": {
    "exercise-clean-folder-rodicaf": {
      "version": "1.0.0",
      "resolved": "https://registry.npmjs.org/exercise-clean-folder-rodicaf/-/exercise-clean-folder-rodicaf-1.0.0.tgz",
      "integrity": "sha512-6QTfT4Jy2wwkAk8OL8hlWN1A/NknSnbo7G/CbnIdpOQumurC09zGdFkV3uY9KLbdXZdHwcl/GM2/2sKhbHjBPg=="
    }
  }
}
